{
  "requires": true,
  "lockfileVersion": 1,
  "dependencies": {
    "keypress.js": {
      "version": "2.1.5",
      "resolved": "https://registry.npmjs.org/keypress.js/-/keypress.js-2.1.5.tgz",
      "integrity": "sha512-PQpeWxG6vNuTT0Gq20LyAzqSpeBWtQ6DTYIJB7JMJEetgF730Om9e6y82GdEv06o1iaJiH1hh2JpSOXK3zIAdA=="
    }
  }
}
